
Microsoft Visual Studio Solution File, Format Version 12.00
# Visual Studio Version 17
VisualStudioVersion = 17.1.31911.260
MinimumVisualStudioVersion = 10.0.40219.1
Project("{2150E333-8FDC-42A3-9474-1A3956D46DE8}") = "Sources", "Sources", "{1B28ECDC-BD4C-46FC-BF7A-1F41550ED6A9}"
EndProject
Project("{9A19103F-16F7-4668-BE54-9A1E7A4F7556}") = "UnitsOfMeasure", "Sources\UnitsOfMeasure\UnitsOfMeasure.csproj", "{F421A1FC-5A60-4DE1-B355-B6DC282F0809}"
EndProject
Project("{6EC3EE1D-3C4E-46DD-8F32-0CC8E7565705}") = "UnitsOfMeasure.FSharp", "Sources\UnitsOfMeasure.FSharp\UnitsOfMeasure.FSharp.fsproj", "{36F76AF9-67E0-4C86-92AF-5F872DCDC9C3}"
EndProject
Project("{2150E333-8FDC-42A3-9474-1A3956D46DE8}") = "Samples", "Samples", "{19F8AAF2-8FD0-4E33-B0B7-DFDFA77DEF10}"
EndProject
Project("{9A19103F-16F7-4668-BE54-9A1E7A4F7556}") = "Playground", "Samples\Playground\Playground.csproj", "{862A3F67-8475-426E-AD0C-1BB38E44EA88}"
EndProject
Project("{2150E333-8FDC-42A3-9474-1A3956D46DE8}") = "Tests", "Tests", "{8CB19FCB-C2FD-44BD-9458-2DC89A1FCBD5}"
EndProject
Project("{9A19103F-16F7-4668-BE54-9A1E7A4F7556}") = "UnitsOfMeasure.Tests", "Tests\UnitsOfMeasure.Tests\UnitsOfMeasure.Tests.csproj", "{815B46F9-628B-4CB0-9157-9D0FC190A21A}"
EndProject
Project("{9A19103F-16F7-4668-BE54-9A1E7A4F7556}") = "UnitsOfMeasure.FSharp.Tests", "Tests\UnitsOfMeasure.FSharp.Tests\UnitsOfMeasure.FSharp.Tests.csproj", "{BFE6B899-2C7A-4634-8D0A-B390FF59D2E0}"
EndProject
Project("{FAE04EC0-301F-11D3-BF4B-00C04F79EFBC}") = "Sample", "Samples\Sample\Sample.csproj", "{91DE7DA3-4A12-4675-B76F-D73CFAE9A6B3}"
EndProject
Project("{F2A71F9B-5D33-465A-A702-920D77279786}") = "Sample.FSharp", "Samples\Sample.FSharp\Sample.FSharp.fsproj", "{5CD147DA-ED5D-4DCF-A721-BEA52372B94C}"
EndProject
Global
	GlobalSection(SolutionConfigurationPlatforms) = preSolution
		Debug|Any CPU = Debug|Any CPU
		Release|Any CPU = Release|Any CPU
	EndGlobalSection
	GlobalSection(ProjectConfigurationPlatforms) = postSolution
		{F421A1FC-5A60-4DE1-B355-B6DC282F0809}.Debug|Any CPU.ActiveCfg = Debug|Any CPU
		{F421A1FC-5A60-4DE1-B355-B6DC282F0809}.Debug|Any CPU.Build.0 = Debug|Any CPU
		{F421A1FC-5A60-4DE1-B355-B6DC282F0809}.Release|Any CPU.ActiveCfg = Release|Any CPU
		{F421A1FC-5A60-4DE1-B355-B6DC282F0809}.Release|Any CPU.Build.0 = Release|Any CPU
		{36F76AF9-67E0-4C86-92AF-5F872DCDC9C3}.Debug|Any CPU.ActiveCfg = Debug|Any CPU
		{36F76AF9-67E0-4C86-92AF-5F872DCDC9C3}.Debug|Any CPU.Build.0 = Debug|Any CPU
		{36F76AF9-67E0-4C86-92AF-5F872DCDC9C3}.Release|Any CPU.ActiveCfg = Release|Any CPU
		{36F76AF9-67E0-4C86-92AF-5F872DCDC9C3}.Release|Any CPU.Build.0 = Release|Any CPU
		{862A3F67-8475-426E-AD0C-1BB38E44EA88}.Debug|Any CPU.ActiveCfg = Debug|Any CPU
		{862A3F67-8475-426E-AD0C-1BB38E44EA88}.Debug|Any CPU.Build.0 = Debug|Any CPU
		{862A3F67-8475-426E-AD0C-1BB38E44EA88}.Release|Any CPU.ActiveCfg = Release|Any CPU
		{862A3F67-8475-426E-AD0C-1BB38E44EA88}.Release|Any CPU.Build.0 = Release|Any CPU
		{815B46F9-628B-4CB0-9157-9D0FC190A21A}.Debug|Any CPU.ActiveCfg = Debug|Any CPU
		{815B46F9-628B-4CB0-9157-9D0FC190A21A}.Debug|Any CPU.Build.0 = Debug|Any CPU
		{815B46F9-628B-4CB0-9157-9D0FC190A21A}.Release|Any CPU.ActiveCfg = Release|Any CPU
		{815B46F9-628B-4CB0-9157-9D0FC190A21A}.Release|Any CPU.Build.0 = Release|Any CPU
		{BFE6B899-2C7A-4634-8D0A-B390FF59D2E0}.Debug|Any CPU.ActiveCfg = Debug|Any CPU
		{BFE6B899-2C7A-4634-8D0A-B390FF59D2E0}.Debug|Any CPU.Build.0 = Debug|Any CPU
		{BFE6B899-2C7A-4634-8D0A-B390FF59D2E0}.Release|Any CPU.ActiveCfg = Release|Any CPU
		{BFE6B899-2C7A-4634-8D0A-B390FF59D2E0}.Release|Any CPU.Build.0 = Release|Any CPU
		{91DE7DA3-4A12-4675-B76F-D73CFAE9A6B3}.Debug|Any CPU.ActiveCfg = Debug|Any CPU
		{91DE7DA3-4A12-4675-B76F-D73CFAE9A6B3}.Debug|Any CPU.Build.0 = Debug|Any CPU
		{91DE7DA3-4A12-4675-B76F-D73CFAE9A6B3}.Release|Any CPU.ActiveCfg = Release|Any CPU
		{91DE7DA3-4A12-4675-B76F-D73CFAE9A6B3}.Release|Any CPU.Build.0 = Release|Any CPU
		{5CD147DA-ED5D-4DCF-A721-BEA52372B94C}.Debug|Any CPU.ActiveCfg = Debug|Any CPU
		{5CD147DA-ED5D-4DCF-A721-BEA52372B94C}.Debug|Any CPU.Build.0 = Debug|Any CPU
		{5CD147DA-ED5D-4DCF-A721-BEA52372B94C}.Release|Any CPU.ActiveCfg = Release|Any CPU
		{5CD147DA-ED5D-4DCF-A721-BEA52372B94C}.Release|Any CPU.Build.0 = Release|Any CPU
	EndGlobalSection
	GlobalSection(SolutionProperties) = preSolution
		HideSolutionNode = FALSE
	EndGlobalSection
	GlobalSection(NestedProjects) = preSolution
		{F421A1FC-5A60-4DE1-B355-B6DC282F0809} = {1B28ECDC-BD4C-46FC-BF7A-1F41550ED6A9}
		{36F76AF9-67E0-4C86-92AF-5F872DCDC9C3} = {1B28ECDC-BD4C-46FC-BF7A-1F41550ED6A9}
		{862A3F67-8475-426E-AD0C-1BB38E44EA88} = {19F8AAF2-8FD0-4E33-B0B7-DFDFA77DEF10}
		{815B46F9-628B-4CB0-9157-9D0FC190A21A} = {8CB19FCB-C2FD-44BD-9458-2DC89A1FCBD5}
		{BFE6B899-2C7A-4634-8D0A-B390FF59D2E0} = {8CB19FCB-C2FD-44BD-9458-2DC89A1FCBD5}
		{91DE7DA3-4A12-4675-B76F-D73CFAE9A6B3} = {19F8AAF2-8FD0-4E33-B0B7-DFDFA77DEF10}
		{5CD147DA-ED5D-4DCF-A721-BEA52372B94C} = {19F8AAF2-8FD0-4E33-B0B7-DFDFA77DEF10}
	EndGlobalSection
	GlobalSection(ExtensibilityGlobals) = postSolution
		SolutionGuid = {D6D0D723-D20B-4128-A4DD-ECADB236A003}
	EndGlobalSection
EndGlobal
